// !$*UTF8*$!
{
	archiveVersion = 1;
	classes = {
	};
	objectVersion = 50;
	objects = {

/* Begin PBXBuildFile section */
		FC0A123B225F0FA4001324AF /* DashBoardViewController.swift in Sources */ = {isa = PBXBuildFile; fileRef = FC0A123A225F0FA4001324AF /* DashBoardViewController.swift */; };
		FC0A123E225F1375001324AF /* GlobalManager.swift in Sources */ = {isa = PBXBuildFile; fileRef = FC0A123D225F1375001324AF /* GlobalManager.swift */; };
		FC0A1240225F156B001324AF /* NextViewController.swift in Sources */ = {isa = PBXBuildFile; fileRef = FC0A123F225F156B001324AF /* NextViewController.swift */; };
		FC471E7F22562D6500BB8DE8 /* AppDelegate.swift in Sources */ = {isa = PBXBuildFile; fileRef = FC471E7E22562D6500BB8DE8 /* AppDelegate.swift */; };
		FC471E8122562D6500BB8DE8 /* ViewController.swift in Sources */ = {isa = PBXBuildFile; fileRef = FC471E8022562D6500BB8DE8 /* ViewController.swift */; };
		FC471E8422562D6500BB8DE8 /* Main.storyboard in Resources */ = {isa = PBXBuildFile; fileRef = FC471E8222562D6500BB8DE8 /* Main.storyboard */; };
		FC471E8622562D6800BB8DE8 /* Assets.xcassets in Resources */ = {isa = PBXBuildFile; fileRef = FC471E8522562D6800BB8DE8 /* Assets.xcassets */; };
		FC471E8922562D6800BB8DE8 /* LaunchScreen.storyboard in Resources */ = {isa = PBXBuildFile; fileRef = FC471E8722562D6800BB8DE8 /* LaunchScreen.storyboard */; };
		FC471E9422562D6800BB8DE8 /* ComsatsDemoAppTests.swift in Sources */ = {isa = PBXBuildFile; fileRef = FC471E9322562D6800BB8DE8 /* ComsatsDemoAppTests.swift */; };
		FC471E9F22562D6800BB8DE8 /* ComsatsDemoAppUITests.swift in Sources */ = {isa = PBXBuildFile; fileRef = FC471E9E22562D6800BB8DE8 /* ComsatsDemoAppUITests.swift */; };
/* End PBXBuildFile section */

/* Begin PBXContainerItemProxy section */
		FC471E9022562D6800BB8DE8 /* PBXContainerItemProxy */ = {
			isa = PBXContainerItemProxy;
			containerPortal = FC471E7322562D6500BB8DE8 /* Project object */;
			proxyType = 1;
			remoteGlobalIDString = FC471E7A22562D6500BB8DE8;
			remoteInfo = ComsatsDemoApp;
		};
		FC471E9B22562D6800BB8DE8 /* PBXContainerItemProxy */ = {
			isa = PBXContainerItemProxy;
			containerPortal = FC471E7322562D6500BB8DE8 /* Project object */;
			proxyType = 1;
			remoteGlobalIDString = FC471E7A22562D6500BB8DE8;
			remoteInfo = ComsatsDemoApp;
		};
/* End PBXContainerItemProxy section */

/* Begin PBXFileReference section */
		FC0A123A225F0FA4001324AF /* DashBoardViewController.swift */ = {isa = PBXFileReference; lastKnownFileType = sourcecode.swift; path = DashBoardViewController.swift; sourceTree = "<group>"; };
		FC0A123D225F1375001324AF /* GlobalManager.swift */ = {isa = PBXFileReference; fileEncoding = 4; lastKnownFileType = sourcecode.swift; path = GlobalManager.swift; sourceTree = "<group>"; };
		FC0A123F225F156B001324AF /* NextViewController.swift */ = {isa = PBXFileReference; lastKnownFileType = sourcecode.swift; path = NextViewController.swift; sourceTree = "<group>"; };
		FC471E7B22562D6500BB8DE8 /* ComsatsDemoApp.app */ = {isa = PBXFileReference; explicitFileType = wrapper.application; includeInIndex = 0; path = ComsatsDemoApp.app; sourceTree = BUILT_PRODUCTS_DIR; };
		FC471E7E22562D6500BB8DE8 /* AppDelegate.swift */ = {isa = PBXFileReference; lastKnownFileType = sourcecode.swift; path = AppDelegate.swift; sourceTree = "<group>"; };
		FC471E8022562D6500BB8DE8 /* ViewController.swift */ = {isa = PBXFileReference; lastKnownFileType = sourcecode.swift; path = ViewController.swift; sourceTree = "<group>"; };
		FC471E8322562D6500BB8DE8 /* Base */ = {isa = PBXFileReference; lastKnownFileType = file.storyboard; name = Base; path = Base.lproj/Main.storyboard; sourceTree = "<group>"; };
		FC471E8522562D6800BB8DE8 /* Assets.xcassets */ = {isa = PBXFileReference; lastKnownFileType = folder.assetcatalog; path = Assets.xcassets; sourceTree = "<group>"; };
		FC471E8822562D6800BB8DE8 /* Base */ = {isa = PBXFileReference; lastKnownFileType = file.storyboard; name = Base; path = Base.lproj/LaunchScreen.storyboard; sourceTree = "<group>"; };
		FC471E8A22562D6800BB8DE8 /* Info.plist */ = {isa = PBXFileReference; lastKnownFileType = text.plist.xml; path = Info.plist; sourceTree = "<group>"; };
		FC471E8F22562D6800BB8DE8 /* ComsatsDemoAppTests.xctest */ = {isa = PBXFileReference; explicitFileType = wrapper.cfbundle; includeInIndex = 0; path = ComsatsDemoAppTests.xctest; sourceTree = BUILT_PRODUCTS_DIR; };
		FC471E9322562D6800BB8DE8 /* ComsatsDemoAppTests.swift */ = {isa = PBXFileReference; lastKnownFileType = sourcecode.swift; path = ComsatsDemoAppTests.swift; sourceTree = "<group>"; };
		FC471E9522562D6800BB8DE8 /* Info.plist */ = {isa = PBXFileReference; lastKnownFileType = text.plist.xml; path = Info.plist; sourceTree = "<group>"; };
		FC471E9A22562D6800BB8DE8 /* ComsatsDemoAppUITests.xctest */ = {isa = PBXFileReference; explicitFileType = wrapper.cfbundle; includeInIndex = 0; path = ComsatsDemoAppUITests.xctest; sourceTree = BUILT_PRODUCTS_DIR; };
		FC471E9E22562D6800BB8DE8 /* ComsatsDemoAppUITests.swift */ = {isa = PBXFileReference; lastKnownFileType = sourcecode.swift; path = ComsatsDemoAppUITests.swift; sourceTree = "<group>"; };
		FC471EA022562D6800BB8DE8 /* Info.plist */ = {isa = PBXFileReference; lastKnownFileType = text.plist.xml; path = Info.plist; sourceTree = "<group>"; };
/* End PBXFileReference section */

/* Begin PBXFrameworksBuildPhase section */
		FC471E7822562D6500BB8DE8 /* Frameworks */ = {
			isa = PBXFrameworksBuildPhase;
			buildActionMask = 2147483647;
			files = (
			);
			runOnlyForDeploymentPostprocessing = 0;
		};
		FC471E8C22562D6800BB8DE8 /* Frameworks */ = {
			isa = PBXFrameworksBuildPhase;
			buildActionMask = 2147483647;
			files = (
			);
			runOnlyForDeploymentPostprocessing = 0;
		};
		FC471E9722562D6800BB8DE8 /* Frameworks */ = {
			isa = PBXFrameworksBuildPhase;
			buildActionMask = 2147483647;
			files = (
			);
			runOnlyForDeploymentPostprocessing = 0;
		};
/* End PBXFrameworksBuildPhase section */

/* Begin PBXGroup section */
		FC0A123C225F12E3001324AF /* Utilities */ = {
			isa = PBXGroup;
			children = (
				FC0A123D225F1375001324AF /* GlobalManager.swift */,
			);
			path = Utilities;
			sourceTree = "<group>";
		};
		FC471E7222562D6500BB8DE8 = {
			isa = PBXGroup;
			children = (
				FC471E7D22562D6500BB8DE8 /* ComsatsDemoApp */,
				FC471E9222562D6800BB8DE8 /* ComsatsDemoAppTests */,
				FC471E9D22562D6800BB8DE8 /* ComsatsDemoAppUITests */,
				FC471E7C22562D6500BB8DE8 /* Products */,
			);
			sourceTree = "<group>";
		};
		FC471E7C22562D6500BB8DE8 /* Products */ = {
			isa = PBXGroup;
			children = (
				FC471E7B22562D6500BB8DE8 /* ComsatsDemoApp.app */,
				FC471E8F22562D6800BB8DE8 /* ComsatsDemoAppTests.xctest */,
				FC471E9A22562D6800BB8DE8 /* ComsatsDemoAppUITests.xctest */,
			);
			name = Products;
			sourceTree = "<group>";
		};
		FC471E7D22562D6500BB8DE8 /* ComsatsDemoApp */ = {
			isa = PBXGroup;
			children = (
				FC0A123C225F12E3001324AF /* Utilities */,
				FC471E7E22562D6500BB8DE8 /* AppDelegate.swift */,
				FC471E8022562D6500BB8DE8 /* ViewController.swift */,
				FC0A123A225F0FA4001324AF /* DashBoardViewController.swift */,
				FC0A123F225F156B001324AF /* NextViewController.swift */,
				FC471E8222562D6500BB8DE8 /* Main.storyboard */,
				FC471E8522562D6800BB8DE8 /* Assets.xcassets */,
				FC471E8722562D6800BB8DE8 /* LaunchScreen.storyboard */,
				FC471E8A22562D6800BB8DE8 /* Info.plist */,
			);
			path = ComsatsDemoApp;
			sourceTree = "<group>";
		};
		FC471E9222562D6800BB8DE8 /* ComsatsDemoAppTests */ = {
			isa = PBXGroup;
			children = (
				FC471E9322562D6800BB8DE8 /* ComsatsDemoAppTests.swift */,
				FC471E9522562D6800BB8DE8 /* Info.plist */,
			);
			path = ComsatsDemoAppTests;
			sourceTree = "<group>";
		};
		FC471E9D22562D6800BB8DE8 /* ComsatsDemoAppUITests */ = {
			isa = PBXGroup;
			children = (
				FC471E9E22562D6800BB8DE8 /* ComsatsDemoAppUITests.swift */,
				FC471EA022562D6800BB8DE8 /* Info.plist */,
			);
			path = ComsatsDemoAppUITests;
			sourceTree = "<group>";
		};
/* End PBXGroup section */

/* Begin PBXNativeTarget section */
		FC471E7A22562D6500BB8DE8 /* ComsatsDemoApp */ = {
			isa = PBXNativeTarget;
			buildConfigurationList = FC471EA322562D6800BB8DE8 /* Build configuration list for PBXNativeTarget "ComsatsDemoApp" */;
			buildPhases = (
				FC471E7722562D6500BB8DE8 /* Sources */,
				FC471E7822562D6500BB8DE8 /* Frameworks */,
				FC471E7922562D6500BB8DE8 /* Resources */,
			);
			buildRules = (
			);
			dependencies = (
			);
			name = ComsatsDemoApp;
			productName = ComsatsDemoApp;
			productReference = FC471E7B22562D6500BB8DE8 /* ComsatsDemoApp.app */;
			productType = "com.apple.product-type.application";
		};
		FC471E8E22562D6800BB8DE8 /* ComsatsDemoAppTests */ = {
			isa = PBXNativeTarget;
			buildConfigurationList = FC471EA622562D6800BB8DE8 /* Build configuration list for PBXNativeTarget "ComsatsDemoAppTests" */;
			buildPhases = (
				FC471E8B22562D6800BB8DE8 /* Sources */,
				FC471E8C22562D6800BB8DE8 /* Frameworks */,
				FC471E8D22562D6800BB8DE8 /* Resources */,
			);
			buildRules = (
			);
			dependencies = (
				FC471E9122562D6800BB8DE8 /* PBXTargetDependency */,
			);
			name = ComsatsDemoAppTests;
			productName = ComsatsDemoAppTests;
			productReference = FC471E8F22562D6800BB8DE8 /* ComsatsDemoAppTests.xctest */;
			productType = "com.apple.product-type.bundle.unit-test";
		};
		FC471E9922562D6800BB8DE8 /* ComsatsDemoAppUITests */ = {
			isa = PBXNativeTarget;
			buildConfigurationList = FC471EA922562D6800BB8DE8 /* Build configuration list for PBXNativeTarget "ComsatsDemoAppUITests" */;
			buildPhases = (
				FC471E9622562D6800BB8DE8 /* Sources */,
				FC471E9722562D6800BB8DE8 /* Frameworks */,
				FC471E9822562D6800BB8DE8 /* Resources */,
			);
			buildRules = (
			);
			dependencies = (
				FC471E9C22562D6800BB8DE8 /* PBXTargetDependency */,
			);
			name = ComsatsDemoAppUITests;
			productName = ComsatsDemoAppUITests;
			productReference = FC471E9A22562D6800BB8DE8 /* ComsatsDemoAppUITests.xctest */;
			productType = "com.apple.product-type.bundle.ui-testing";
		};
/* End PBXNativeTarget section */

/* Begin PBXProject section */
		FC471E7322562D6500BB8DE8 /* Project object */ = {
			isa = PBXProject;
			attributes = {
				LastSwiftUpdateCheck = 1010;
				LastUpgradeCheck = 1010;
				ORGANIZATIONNAME = letlechnologies;
				TargetAttributes = {
					FC471E7A22562D6500BB8DE8 = {
						CreatedOnToolsVersion = 10.1;
					};
					FC471E8E22562D6800BB8DE8 = {
						CreatedOnToolsVersion = 10.1;
						TestTargetID = FC471E7A22562D6500BB8DE8;
					};
					FC471E9922562D6800BB8DE8 = {
						CreatedOnToolsVersion = 10.1;
						TestTargetID = FC471E7A22562D6500BB8DE8;
					};
				};
			};
			buildConfigurationList = FC471E7622562D6500BB8DE8 /* Build configuration list for PBXProject "ComsatsDemoApp" */;
			compatibilityVersion = "Xcode 9.3";
			developmentRegion = en;
			hasScannedForEncodings = 0;
			knownRegions = (
				en,
				Base,
			);
			mainGroup = FC471E7222562D6500BB8DE8;
			productRefGroup = FC471E7C22562D6500BB8DE8 /* Products */;
			projectDirPath = "";
			projectRoot = "";
			targets = (
				FC471E7A22562D6500BB8DE8 /* ComsatsDemoApp */,
				FC471E8E22562D6800BB8DE8 /* ComsatsDemoAppTests */,
				FC471E9922562D6800BB8DE8 /* ComsatsDemoAppUITests */,
			);
		};
/* End PBXProject section */

/* Begin PBXResourcesBuildPhase section */
		FC471E7922562D6500BB8DE8 /* Resources */ = {
			isa = PBXResourcesBuildPhase;
			buildActionMask = 2147483647;
			files = (
				FC471E8922562D6800BB8DE8 /* LaunchScreen.storyboard in Resources */,
				FC471E8622562D6800BB8DE8 /* Assets.xcassets in Resources */,
				FC471E8422562D6500BB8DE8 /* Main.storyboard in Resources */,
			);
			runOnlyForDeploymentPostprocessing = 0;
		};
		FC471E8D22562D6800BB8DE8 /* Resources */ = {
			isa = PBXResourcesBuildPhase;
			buildActionMask = 2147483647;
			files = (
			);
			runOnlyForDeploymentPostprocessing = 0;
		};
		FC471E9822562D6800BB8DE8 /* Resources */ = {
			isa = PBXResourcesBuildPhase;
			buildActionMask = 2147483647;
			files = (
			);
			runOnlyForDeploymentPostprocessing = 0;
		};
/* End PBXResourcesBuildPhase section */

/* Begin PBXSourcesBuildPhase section */
		FC471E7722562D6500BB8DE8 /* Sources */ = {
			isa = PBXSourcesBuildPhase;
			buildActionMask = 2147483647;
			files = (
				FC0A1240225F156B001324AF /* NextViewController.swift in Sources */,
				FC0A123B225F0FA4001324AF /* DashBoardViewController.swift in Sources */,
				FC471E8122562D6500BB8DE8 /* ViewController.swift in Sources */,
				FC0A123E225F1375001324AF /* GlobalManager.swift in Sources */,
				FC471E7F22562D6500BB8DE8 /* AppDelegate.swift in Sources */,
			);
			runOnlyForDeploymentPostprocessing = 0;
		};
		FC471E8B22562D6800BB8DE8 /* Sources */ = {
			isa = PBXSourcesBuildPhase;
			buildActionMask = 2147483647;
			files = (
				FC471E9422562D6800BB8DE8 /* ComsatsDemoAppTests.swift in Sources */,
			);
			runOnlyForDeploymentPostprocessing = 0;
		};
		FC471E9622562D6800BB8DE8 /* Sources */ = {
			isa = PBXSourcesBuildPhase;
			buildActionMask = 2147483647;
			files = (
				FC471E9F22562D6800BB8DE8 /* ComsatsDemoAppUITests.swift in Sources */,
			);
			runOnlyForDeploymentPostprocessing = 0;
		};
/* End PBXSourcesBuildPhase section */

/* Begin PBXTargetDependency section */
		FC471E9122562D6800BB8DE8 /* PBXTargetDependency */ = {
			isa = PBXTargetDependency;
			target = FC471E7A22562D6500BB8DE8 /* ComsatsDemoApp */;
			targetProxy = FC471E9022562D6800BB8DE8 /* PBXContainerItemProxy */;
		};
		FC471E9C22562D6800BB8DE8 /* PBXTargetDependency */ = {
			isa = PBXTargetDependency;
			target = FC471E7A22562D6500BB8DE8 /* ComsatsDemoApp */;
			targetProxy = FC471E9B22562D6800BB8DE8 /* PBXContainerItemProxy */;
		};
/* End PBXTargetDependency section */

/* Begin PBXVariantGroup section */
		FC471E8222562D6500BB8DE8 /* Main.storyboard */ = {
			isa = PBXVariantGroup;
			children = (
				FC471E8322562D6500BB8DE8 /* Base */,
			);
			name = Main.storyboard;
			sourceTree = "<group>";
		};
		FC471E8722562D6800BB8DE8 /* LaunchScreen.storyboard */ = {
			isa = PBXVariantGroup;
			children = (
				FC471E8822562D6800BB8DE8 /* Base */,
			);
			name = LaunchScreen.storyboard;
			sourceTree = "<group>";
		};
/* End PBXVariantGroup section */

/* Begin XCBuildConfiguration section */
		FC471EA122562D6800BB8DE8 /* Debug */ = {
			isa = XCBuildConfiguration;
			buildSettings = {
				ALWAYS_SEARCH_USER_PATHS = NO;
				CLANG_ANALYZER_NONNULL = YES;
				CLANG_ANALYZER_NUMBER_OBJECT_CONVERSION = YES_AGGRESSIVE;
				CLANG_CXX_LANGUAGE_STANDARD = "gnu++14";
				CLANG_CXX_LIBRARY = "libc++";
				CLANG_ENABLE_MODULES = YES;
				CLANG_ENABLE_OBJC_ARC = YES;
				CLANG_ENABLE_OBJC_WEAK = YES;
				CLANG_WARN_BLOCK_CAPTURE_AUTORELEASING = YES;
				CLANG_WARN_BOOL_CONVERSION = YES;
				CLANG_WARN_COMMA = YES;
				CLANG_WARN_CONSTANT_CONVERSION = YES;
				CLANG_WARN_DEPRECATED_OBJC_IMPLEMENTATIONS = YES;
				CLANG_WARN_DIRECT_OBJC_ISA_USAGE = YES_ERROR;
				CLANG_WARN_DOCUMENTATION_COMMENTS = YES;
				CLANG_WARN_EMPTY_BODY = YES;
				CLANG_WARN_ENUM_CONVERSION = YES;
				CLANG_WARN_INFINITE_RECURSION = YES;
				CLANG_WARN_INT_CONVERSION = YES;
				CLANG_WARN_NON_LITERAL_NULL_CONVERSION = YES;
				CLANG_WARN_OBJC_IMPLICIT_RETAIN_SELF = YES;
				CLANG_WARN_OBJC_LITERAL_CONVERSION = YES;
				CLANG_WARN_OBJC_ROOT_CLASS = YES_ERROR;
				CLANG_WARN_RANGE_LOOP_ANALYSIS = YES;
				CLANG_WARN_STRICT_PROTOTYPES = YES;
				CLANG_WARN_SUSPICIOUS_MOVE = YES;
				CLANG_WARN_UNGUARDED_AVAILABILITY = YES_AGGRESSIVE;
				CLANG_WARN_UNREACHABLE_CODE = YES;
				CLANG_WARN__DUPLICATE_METHOD_MATCH = YES;
				CODE_SIGN_IDENTITY = "iPhone Developer";
				COPY_PHASE_STRIP = NO;
				DEBUG_INFORMATION_FORMAT = dwarf;
				ENABLE_STRICT_OBJC_MSGSEND = YES;
				ENABLE_TESTABILITY = YES;
				GCC_C_LANGUAGE_STANDARD = gnu11;
				GCC_DYNAMIC_NO_PIC = NO;
				GCC_NO_COMMON_BLOCKS = YES;
				GCC_OPTIMIZATION_LEVEL = 0;
				GCC_PREPROCESSOR_DEFINITIONS = (
					"DEBUG=1",
					"$(inherited)",
				);
				GCC_WARN_64_TO_32_BIT_CONVERSION = YES;
				GCC_WARN_ABOUT_RETURN_TYPE = YES_ERROR;
				GCC_WARN_UNDECLARED_SELECTOR = YES;
				GCC_WARN_UNINITIALIZED_AUTOS = YES_AGGRESSIVE;
				GCC_WARN_UNUSED_FUNCTION = YES;
				GCC_WARN_UNUSED_VARIABLE = YES;
				IPHONEOS_DEPLOYMENT_TARGET = 12.1;
				MTL_ENABLE_DEBUG_INFO = INCLUDE_SOURCE;
				MTL_FAST_MATH = YES;
				ONLY_ACTIVE_ARCH = YES;
				SDKROOT = iphoneos;
				SWIFT_ACTIVE_COMPILATION_CONDITIONS = DEBUG;
				SWIFT_OPTIMIZATION_LEVEL = "-Onone";
			};
			name = Debug;
		};
		FC471EA222562D6800BB8DE8 /* Release */ = {
			isa = XCBuildConfiguration;
			buildSettings = {
				ALWAYS_SEARCH_USER_PATHS = NO;
				CLANG_ANALYZER_NONNULL = YES;
				CLANG_ANALYZER_NUMBER_OBJECT_CONVERSION = YES_AGGRESSIVE;
				CLANG_CXX_LANGUAGE_STANDARD = "gnu++14";
				CLANG_CXX_LIBRARY = "libc++";
				CLANG_ENABLE_MODULES = YES;
				CLANG_ENABLE_OBJC_ARC = YES;
				CLANG_ENABLE_OBJC_WEAK = YES;
				CLANG_WARN_BLOCK_CAPTURE_AUTORELEASING = YES;
				CLANG_WARN_BOOL_CONVERSION = YES;
				CLANG_WARN_COMMA = YES;
				CLANG_WARN_CONSTANT_CONVERSION = YES;
				CLANG_WARN_DEPRECATED_OBJC_IMPLEMENTATIONS = YES;
				CLANG_WARN_DIRECT_OBJC_ISA_USAGE = YES_ERROR;
				CLANG_WARN_DOCUMENTATION_COMMENTS = YES;
				CLANG_WARN_EMPTY_BODY = YES;
				CLANG_WARN_ENUM_CONVERSION = YES;
				CLANG_WARN_INFINITE_RECURSION = YES;
				CLANG_WARN_INT_CONVERSION = YES;
				CLANG_WARN_NON_LITERAL_NULL_CONVERSION = YES;
				CLANG_WARN_OBJC_IMPLICIT_RETAIN_SELF = YES;
				CLANG_WARN_OBJC_LITERAL_CONVERSION = YES;
				CLANG_WARN_OBJC_ROOT_CLASS = YES_ERROR;
				CLANG_WARN_RANGE_LOOP_ANALYSIS = YES;
				CLANG_WARN_STRICT_PROTOTYPES = YES;
				CLANG_WARN_SUSPICIOUS_MOVE = YES;
				CLANG_WARN_UNGUARDED_AVAILABILITY = YES_AGGRESSIVE;
				CLANG_WARN_UNREACHABLE_CODE = YES;
				CLANG_WARN__DUPLICATE_METHOD_MATCH = YES;
				CODE_SIGN_IDENTITY = "iPhone Developer";
				COPY_PHASE_STRIP = NO;
				DEBUG_INFORMATION_FORMAT = "dwarf-with-dsym";
				ENABLE_NS_ASSERTIONS = NO;
				ENABLE_STRICT_OBJC_MSGSEND = YES;
				GCC_C_LANGUAGE_STANDARD = gnu11;
				GCC_NO_COMMON_BLOCKS = YES;
				GCC_WARN_64_TO_32_BIT_CONVERSION = YES;
				GCC_WARN_ABOUT_RETURN_TYPE = YES_ERROR;
				GCC_WARN_UNDECLARED_SELECTOR = YES;
				GCC_WARN_UNINITIALIZED_AUTOS = YES_AGGRESSIVE;
				GCC_WARN_UNUSED_FUNCTION = YES;
				GCC_WARN_UNUSED_VARIABLE = YES;
				IPHONEOS_DEPLOYMENT_TARGET = 12.1;
				MTL_ENABLE_DEBUG_INFO = NO;
				MTL_FAST_MATH = YES;
				SDKROOT = iphoneos;
				SWIFT_COMPILATION_MODE = wholemodule;
				SWIFT_OPTIMIZATION_LEVEL = "-O";
				VALIDATE_PRODUCT = YES;
			};
			name = Release;
		};
		FC471EA422562D6800BB8DE8 /* Debug */ = {
			isa = XCBuildConfiguration;
			buildSettings = {
				ASSETCATALOG_COMPILER_APPICON_NAME = AppIcon;
				CODE_SIGN_STYLE = Automatic;
				DEVELOPMENT_TEAM = VLH8W5K4X7;
				INFOPLIST_FILE = ComsatsDemoApp/Info.plist;
				LD_RUNPATH_SEARCH_PATHS = (
					"$(inherited)",
					"@executable_path/Frameworks",
				);
				PRODUCT_BUNDLE_IDENTIFIER = com.lettechnologies.ComsatsDemoApp;
				PRODUCT_NAME = "$(TARGET_NAME)";
				SWIFT_VERSION = 4.2;
				TARGETED_DEVICE_FAMILY = "1,2";
			};
			name = Debug;
		};
		FC471EA522562D6800BB8DE8 /* Release */ = {
			isa = XCBuildConfiguration;
			buildSettings = {
				ASSETCATALOG_COMPILER_APPICON_NAME = AppIcon;
				CODE_SIGN_STYLE = Automatic;
				DEVELOPMENT_TEAM = VLH8W5K4X7;
				INFOPLIST_FILE = ComsatsDemoApp/Info.plist;
				LD_RUNPATH_SEARCH_PATHS = (
					"$(inherited)",
					"@executable_path/Frameworks",
				);
				PRODUCT_BUNDLE_IDENTIFIER = com.lettechnologies.ComsatsDemoApp;
				PRODUCT_NAME = "$(TARGET_NAME)";
				SWIFT_VERSION = 4.2;
				TARGETED_DEVICE_FAMILY = "1,2";
			};
			name = Release;
		};
		FC471EA722562D6800BB8DE8 /* Debug */ = {
			isa = XCBuildConfiguration;
			buildSettings = {
				ALWAYS_EMBED_SWIFT_STANDARD_LIBRARIES = YES;
				BUNDLE_LOADER = "$(TEST_HOST)";
				CODE_SIGN_STYLE = Automatic;
				DEVELOPMENT_TEAM = VLH8W5K4X7;
				INFOPLIST_FILE = ComsatsDemoAppTests/Info.plist;
				LD_RUNPATH_SEARCH_PATHS = (
					"$(inherited)",
					"@executable_path/Frameworks",
					"@loader_path/Frameworks",
				);
				PRODUCT_BUNDLE_IDENTIFIER = com.lettechnologies.ComsatsDemoAppTests;
				PRODUCT_NAME = "$(TARGET_NAME)";
				SWIFT_VERSION = 4.2;
				TARGETED_DEVICE_FAMILY = "1,2";
				TEST_HOST = "$(BUILT_PRODUCTS_DIR)/ComsatsDemoApp.app/ComsatsDemoApp";
			};
			name = Debug;
		};
		FC471EA822562D6800BB8DE8 /* Release */ = {
			isa = XCBuildConfiguration;
			buildSettings = {
				ALWAYS_EMBED_SWIFT_STANDARD_LIBRARIES = YES;
				BUNDLE_LOADER = "$(TEST_HOST)";
				CODE_SIGN_STYLE = Automatic;
				DEVELOPMENT_TEAM = VLH8W5K4X7;
				INFOPLIST_FILE = ComsatsDemoAppTests/Info.plist;
				LD_RUNPATH_SEARCH_PATHS = (
					"$(inherited)",
					"@executable_path/Frameworks",
					"@loader_path/Frameworks",
				);
				PRODUCT_BUNDLE_IDENTIFIER = com.lettechnologies.ComsatsDemoAppTests;
				PRODUCT_NAME = "$(TARGET_NAME)";
				SWIFT_VERSION = 4.2;
				TARGETED_DEVICE_FAMILY = "1,2";
				TEST_HOST = "$(BUILT_PRODUCTS_DIR)/ComsatsDemoApp.app/ComsatsDemoApp";
			};
			name = Release;
		};
		FC471EAA22562D6800BB8DE8 /* Debug */ = {
			isa = XCBuildConfiguration;
			buildSettings = {
				ALWAYS_EMBED_SWIFT_STANDARD_LIBRARIES = YES;
				CODE_SIGN_STYLE = Automatic;
				DEVELOPMENT_TEAM = VLH8W5K4X7;
				INFOPLIST_FILE = ComsatsDemoAppUITests/Info.plist;
				LD_RUNPATH_SEARCH_PATHS = (
					"$(inherited)",
					"@executable_path/Frameworks",
					"@loader_path/Frameworks",
				);
				PRODUCT_BUNDLE_IDENTIFIER = com.lettechnologies.ComsatsDemoAppUITests;
				PRODUCT_NAME = "$(TARGET_NAME)";
				SWIFT_VERSION = 4.2;
				TARGETED_DEVICE_FAMILY = "1,2";
				TEST_TARGET_NAME = ComsatsDemoApp;
			};
			name = Debug;
		};
		FC471EAB22562D6800BB8DE8 /* Release */ = {
			isa = XCBuildConfiguration;
			buildSettings = {
				ALWAYS_EMBED_SWIFT_STANDARD_LIBRARIES = YES;
				CODE_SIGN_STYLE = Automatic;
				DEVELOPMENT_TEAM = VLH8W5K4X7;
				INFOPLIST_FILE = ComsatsDemoAppUITests/Info.plist;
				LD_RUNPATH_SEARCH_PATHS = (
					"$(inherited)",
					"@executable_path/Frameworks",
					"@loader_path/Frameworks",
				);
				PRODUCT_BUNDLE_IDENTIFIER = com.lettechnologies.ComsatsDemoAppUITests;
				PRODUCT_NAME = "$(TARGET_NAME)";
				SWIFT_VERSION = 4.2;
				TARGETED_DEVICE_FAMILY = "1,2";
				TEST_TARGET_NAME = ComsatsDemoApp;
			};
			name = Release;
		};
/* End XCBuildConfiguration section */

/* Begin XCConfigurationList section */
		FC471E7622562D6500BB8DE8 /* Build configuration list for PBXProject "ComsatsDemoApp" */ = {
			isa = XCConfigurationList;
			buildConfigurations = (
				FC471EA122562D6800BB8DE8 /* Debug */,
				FC471EA222562D6800BB8DE8 /* Release */,
			);
			defaultConfigurationIsVisible = 0;
			defaultConfigurationName = Release;
		};
		FC471EA322562D6800BB8DE8 /* Build configuration list for PBXNativeTarget "ComsatsDemoApp" */ = {
			isa = XCConfigurationList;
			buildConfigurations = (
				FC471EA422562D6800BB8DE8 /* Debug */,
				FC471EA522562D6800BB8DE8 /* Release */,
			);
			defaultConfigurationIsVisible = 0;
			defaultConfigurationName = Release;
		};
		FC471EA622562D6800BB8DE8 /* Build configuration list for PBXNativeTarget "ComsatsDemoAppTests" */ = {
			isa = XCConfigurationList;
			buildConfigurations = (
				FC471EA722562D6800BB8DE8 /* Debug */,
				FC471EA822562D6800BB8DE8 /* Release */,
			);
			defaultConfigurationIsVisible = 0;
			defaultConfigurationName = Release;
		};
		FC471EA922562D6800BB8DE8 /* Build configuration list for PBXNativeTarget "ComsatsDemoAppUITests" */ = {
			isa = XCConfigurationList;
			buildConfigurations = (
				FC471EAA22562D6800BB8DE8 /* Debug */,
				FC471EAB22562D6800BB8DE8 /* Release */,
			);
			defaultConfigurationIsVisible = 0;
			defaultConfigurationName = Release;
		};
/* End XCConfigurationList section */
	};
	rootObject = FC471E7322562D6500BB8DE8 /* Project object */;
}
